
Microsoft Visual Studio Solution File, Format Version 12.00
# Visual Studio Version 16
VisualStudioVersion = 16.0.29418.71
MinimumVisualStudioVersion = 10.0.40219.1
Project("{FAE04EC0-301F-11D3-BF4B-00C04F79EFBC}") = "StarWarsApp", "StarWarsApp\StarWarsApp.csproj", "{EB0A69B3-70C7-47CF-9007-FF76DF70F5E6}"
EndProject
Project("{FAE04EC0-301F-11D3-BF4B-00C04F79EFBC}") = "StarWarsApp.Tests", "StarWarsApp.Tests\StarWarsApp.Tests.csproj", "{906C2174-3300-4F5E-A7D3-4BB58514ACAA}"
EndProject
Global
	GlobalSection(SolutionConfigurationPlatforms) = preSolution
		Debug|Any CPU = Debug|Any CPU
		Release|Any CPU = Release|Any CPU
	EndGlobalSection
	GlobalSection(ProjectConfigurationPlatforms) = postSolution
		{EB0A69B3-70C7-47CF-9007-FF76DF70F5E6}.Debug|Any CPU.ActiveCfg = Debug|Any CPU
		{EB0A69B3-70C7-47CF-9007-FF76DF70F5E6}.Debug|Any CPU.Build.0 = Debug|Any CPU
		{EB0A69B3-70C7-47CF-9007-FF76DF70F5E6}.Release|Any CPU.ActiveCfg = Release|Any CPU
		{EB0A69B3-70C7-47CF-9007-FF76DF70F5E6}.Release|Any CPU.Build.0 = Release|Any CPU
		{906C2174-3300-4F5E-A7D3-4BB58514ACAA}.Debug|Any CPU.ActiveCfg = Debug|Any CPU
		{906C2174-3300-4F5E-A7D3-4BB58514ACAA}.Debug|Any CPU.Build.0 = Debug|Any CPU
		{906C2174-3300-4F5E-A7D3-4BB58514ACAA}.Release|Any CPU.ActiveCfg = Release|Any CPU
		{906C2174-3300-4F5E-A7D3-4BB58514ACAA}.Release|Any CPU.Build.0 = Release|Any CPU
	EndGlobalSection
	GlobalSection(SolutionProperties) = preSolution
		HideSolutionNode = FALSE
	EndGlobalSection
	GlobalSection(ExtensibilityGlobals) = postSolution
		SolutionGuid = {85ADC2B9-E271-4379-AE04-8B7C64315F1B}
	EndGlobalSection
EndGlobal
